
Microsoft Visual Studio Solution File, Format Version 12.00
# Visual Studio 15
VisualStudioVersion = 15.0.26730.16
MinimumVisualStudioVersion = 10.0.40219.1
Project("{FAE04EC0-301F-11D3-BF4B-00C04F79EFBC}") = "alphabet problem version 2", "alphabet problem version 2\alphabet problem version 2.csproj", "{5B91EA86-55B3-44BB-8EF4-FF4E186DBE78}"
EndProject
Global
	GlobalSection(SolutionConfigurationPlatforms) = preSolution
		Debug|Any CPU = Debug|Any CPU
		Release|Any CPU = Release|Any CPU
	EndGlobalSection
	GlobalSection(ProjectConfigurationPlatforms) = postSolution
		{5B91EA86-55B3-44BB-8EF4-FF4E186DBE78}.Debug|Any CPU.ActiveCfg = Debug|Any CPU
		{5B91EA86-55B3-44BB-8EF4-FF4E186DBE78}.Debug|Any CPU.Build.0 = Debug|Any CPU
		{5B91EA86-55B3-44BB-8EF4-FF4E186DBE78}.Release|Any CPU.ActiveCfg = Release|Any CPU
		{5B91EA86-55B3-44BB-8EF4-FF4E186DBE78}.Release|Any CPU.Build.0 = Release|Any CPU
	EndGlobalSection
	GlobalSection(SolutionProperties) = preSolution
		HideSolutionNode = FALSE
	EndGlobalSection
	GlobalSection(ExtensibilityGlobals) = postSolution
		SolutionGuid = {FE0BE1AA-E41B-433F-9DDC-69BA6FB1DC55}
	EndGlobalSection
EndGlobal
